
Microsoft Visual Studio Solution File, Format Version 12.00
# Visual Studio Version 16
VisualStudioVersion = 16.0.30002.166
MinimumVisualStudioVersion = 10.0.40219.1
Project("{FAE04EC0-301F-11D3-BF4B-00C04F79EFBC}") = "01. Insert Records in Both Tables", "01. Insert Records in Both Tables.csproj", "{2D4D9FDF-689E-4F2E-91A6-10042DC050E6}"
EndProject
Global
	GlobalSection(SolutionConfigurationPlatforms) = preSolution
		Debug|Any CPU = Debug|Any CPU
		Release|Any CPU = Release|Any CPU
	EndGlobalSection
	GlobalSection(ProjectConfigurationPlatforms) = postSolution
		{2D4D9FDF-689E-4F2E-91A6-10042DC050E6}.Debug|Any CPU.ActiveCfg = Debug|Any CPU
		{2D4D9FDF-689E-4F2E-91A6-10042DC050E6}.Debug|Any CPU.Build.0 = Debug|Any CPU
		{2D4D9FDF-689E-4F2E-91A6-10042DC050E6}.Release|Any CPU.ActiveCfg = Release|Any CPU
		{2D4D9FDF-689E-4F2E-91A6-10042DC050E6}.Release|Any CPU.Build.0 = Release|Any CPU
	EndGlobalSection
	GlobalSection(SolutionProperties) = preSolution
		HideSolutionNode = FALSE
	EndGlobalSection
	GlobalSection(ExtensibilityGlobals) = postSolution
		SolutionGuid = {AD6B6520-FDFB-4F15-AAD1-3C3512A82C76}
	EndGlobalSection
EndGlobal
